{
  "name": "jaydata-promise-handler",
  "version": "0.1.0",
  "lockfileVersion": 1,
  "requires": true,
  "dependencies": {
    "@types/extend": {
      "version": "2.0.30",
      "resolved": "https://registry.npmjs.org/@types/extend/-/extend-2.0.30.tgz",
      "integrity": "sha1-WMyT9iHQo1jT/sm9bnObxg7H4nU="
    },
    "extend": {
      "version": "3.0.2",
      "resolved": "https://registry.npmjs.org/extend/-/extend-3.0.2.tgz",
      "integrity": "sha512-fjquC59cD7CyW6urNXK0FBufkZcoiGG80wTuPujX590cB5Ttln20E2UB4S/WARVqhXffZl2LNgS+gQdPIIim/g=="
    },
    "jaydata-error-handler": {
      "version": "0.0.1",
      "resolved": "https://registry.npmjs.org/jaydata-error-handler/-/jaydata-error-handler-0.0.1.tgz",
      "integrity": "sha1-U5J0Zso6Sd9LKG3G85wCHjsx/mA="
    },
    "typescript": {
      "version": "4.5.5",
      "resolved": "https://registry.npmjs.org/typescript/-/typescript-4.5.5.tgz",
      "integrity": "sha512-TCTIul70LyWe6IJWT8QSYeA54WQe8EjQFU4wY52Fasj5UKx88LNYKCgBEHcOMOrFF1rKGbD8v/xcNWVUq9SymA==",
      "dev": true
    }
  }
}
